
Microsoft Visual Studio Solution File, Format Version 12.00
# Visual Studio Version 16
VisualStudioVersion = 16.0.29411.138
MinimumVisualStudioVersion = 10.0.40219.1
Project("{9A19103F-16F7-4668-BE54-9A1E7A4F7556}") = "Mimax", "Mimax\Mimax.csproj", "{9325DB25-4066-4428-A72A-A6657383936D}"
EndProject
Project("{9A19103F-16F7-4668-BE54-9A1E7A4F7556}") = "Mimax.Server", "Mimax.Server\Mimax.Server.csproj", "{D0ED9159-E0BF-445D-9751-DAAFBFA7872B}"
EndProject
Project("{9A19103F-16F7-4668-BE54-9A1E7A4F7556}") = "Mimax.Api", "Mimax.Api\Mimax.Api.csproj", "{BE87E77B-E49B-4788-8A7C-9D61B00BE5F2}"
EndProject
Project("{9A19103F-16F7-4668-BE54-9A1E7A4F7556}") = "Mimax.Tests", "Mimax.Tests\Mimax.Tests.csproj", "{BBAD2F49-70E9-4FC3-B11F-16169B5BAB33}"
EndProject
Project("{9A19103F-16F7-4668-BE54-9A1E7A4F7556}") = "Mimax.Immutable", "Mimax.Immutable\Mimax.Immutable.csproj", "{6C9D7575-7B76-4F4C-B76D-A036CFF36015}"
EndProject
Project("{9A19103F-16F7-4668-BE54-9A1E7A4F7556}") = "Mimax.Desktop", "Mimax.Desktop\Mimax.Desktop.csproj", "{229383B9-3B55-4FD7-AAE8-982570330875}"
EndProject
Project("{9A19103F-16F7-4668-BE54-9A1E7A4F7556}") = "Mimax.Cache", "Mimax.Cache\Mimax.Cache.csproj", "{5F84B9E9-8230-4B04-9982-F2D04A9EC760}"
EndProject
Project("{9A19103F-16F7-4668-BE54-9A1E7A4F7556}") = "Mimax.Actor", "Mimax.Actor\Mimax.Actor.csproj", "{408881DE-388F-4400-8D34-3EA4C47599ED}"
EndProject
Project("{9A19103F-16F7-4668-BE54-9A1E7A4F7556}") = "Mimax.Reactive", "Mimax.Reactive\Mimax.Reactive.csproj", "{69051E28-5A17-4799-A184-6F06F075FD72}"
EndProject
Project("{FAE04EC0-301F-11D3-BF4B-00C04F79EFBC}") = "Mimax.Concurrency", "Mimax.Concurrency\Mimax.Concurrency.csproj", "{8C3CADAF-B7F5-4A37-93B8-E5FB5F70C7F3}"
EndProject
Project("{6EC3EE1D-3C4E-46DD-8F32-0CC8E7565705}") = "Mimax.Functional", "Mimax.Functional\Mimax.Functional.fsproj", "{747469EC-DE7F-4C51-B7E6-260E5EC4A602}"
EndProject
Project("{6EC3EE1D-3C4E-46DD-8F32-0CC8E7565705}") = "Mimax.Functional.Atm", "Mimax.Functional.Atm\Mimax.Functional.Atm.fsproj", "{85DFFC41-C638-4671-A919-F0400E063D96}"
EndProject
Project("{F2A71F9B-5D33-465A-A702-920D77279786}") = "Mimax.ATM", "Mimax.ATM\Mimax.ATM.fsproj", "{5194054C-0572-4E34-9D53-9748B6641595}"
EndProject
Project("{2150E333-8FDC-42A3-9474-1A3956D46DE8}") = "Interoperablity", "Interoperablity", "{DC6BA2CC-FE5F-475E-B830-4BFA27F38412}"
	ProjectSection(SolutionItems) = preProject
		scratchpad.fsx = scratchpad.fsx
	EndProjectSection
EndProject
Project("{6EC3EE1D-3C4E-46DD-8F32-0CC8E7565705}") = "Mimax.Interoperability.FSharpProject", "Mimax.Interoperatbility.FSharpProject\Mimax.Interoperability.FSharpProject.fsproj", "{EC317F52-5A82-4D04-BE25-BB245C1BCEF5}"
EndProject
Project("{9A19103F-16F7-4668-BE54-9A1E7A4F7556}") = "Mimax.Interoperability.CSharpProject", "Mimax.Interoperatbility.CSharpProject\Mimax.Interoperability.CSharpProject.csproj", "{BCA488C6-5D6F-4CF2-A821-35B0AAB81E63}"
EndProject
Project("{2150E333-8FDC-42A3-9474-1A3956D46DE8}") = "UI", "UI", "{5F366FE9-8E1E-40D7-971E-535EDA6EF011}"
EndProject
Project("{F2A71F9B-5D33-465A-A702-920D77279786}") = "Core", "Mimax.Wpf.FSharp\Core\Core.fsproj", "{FCFC1441-B4E9-457D-B697-502122A19FCA}"
EndProject
Project("{FAE04EC0-301F-11D3-BF4B-00C04F79EFBC}") = "WpfClient", "Mimax.Wpf.FSharp\WpfClient\WpfClient.csproj", "{436C01B4-5FCE-42DF-835D-0264E35AC10C}"
EndProject
Project("{2150E333-8FDC-42A3-9474-1A3956D46DE8}") = "FSharp", "FSharp", "{A81E4893-837E-4725-BDC8-55F68C722D85}"
EndProject
Project("{6EC3EE1D-3C4E-46DD-8F32-0CC8E7565705}") = "Mimax.FSharp.Data", "Mimax.FSharp.Data\Mimax.FSharp.Data.fsproj", "{F469656E-6486-420E-9E5A-794956C37D18}"
EndProject
Project("{2150E333-8FDC-42A3-9474-1A3956D46DE8}") = "ATM.Fullstack", "ATM.Fullstack", "{FF47E4D3-DBF6-4328-B990-1228C53CEF59}"
EndProject
Project("{00D1A9C2-B5F0-4AF3-8072-F6C62B433612}") = "BankAccountDb", "Mimax.ATM.Fullstack\BankAccountDb\BankAccountDb.sqlproj", "{54D5A56E-78B4-4A92-9F75-7B2540886E14}"
EndProject
Project("{F2A71F9B-5D33-465A-A702-920D77279786}") = "Core", "Mimax.ATM.Fullstack\Core\Core.fsproj", "{96A50AC3-3CE0-43BE-9AA5-8A5C6B3FD471}"
EndProject
Project("{FAE04EC0-301F-11D3-BF4B-00C04F79EFBC}") = "WpfClient", "Mimax.ATM.Fullstack\WpfClient\WpfClient.csproj", "{7D26DD67-D550-4904-BA10-43E82B907A05}"
EndProject
Project("{6EC3EE1D-3C4E-46DD-8F32-0CC8E7565705}") = "Functional.Async", "Functional.Async\Functional.Async.fsproj", "{661378A4-EEC7-48D6-AA09-0DEF771CFCB8}"
EndProject
Project("{6EC3EE1D-3C4E-46DD-8F32-0CC8E7565705}") = "Mimax.FSharp.Web", "Mimax.FSharp.Web\Mimax.FSharp.Web.fsproj", "{532FA516-CAD2-4D74-990F-1416EF75A72A}"
EndProject
Project("{2150E333-8FDC-42A3-9474-1A3956D46DE8}") = "Web", "Web", "{3B7D9C77-C5E3-49B0-AAF2-B190712F47B9}"
EndProject
Project("{6EC3EE1D-3C4E-46DD-8F32-0CC8E7565705}") = "Mimax.Owin", "Mimax.Owin\Mimax.Owin.fsproj", "{B5492758-CC2B-4EDF-B3A5-B1C07C949E18}"
EndProject
Project("{2150E333-8FDC-42A3-9474-1A3956D46DE8}") = "Testing", "Testing", "{2F0DAEB0-6368-4B5C-A381-5F064584D438}"
EndProject
Project("{6EC3EE1D-3C4E-46DD-8F32-0CC8E7565705}") = "Mimax.Testing.Library", "Mimax.Testing.Library\Mimax.Testing.Library.fsproj", "{71484A06-CF31-4D03-BACD-3EA16310F996}"
EndProject
Project("{6EC3EE1D-3C4E-46DD-8F32-0CC8E7565705}") = "Mimax.XUnitTestProject", "Mimax.XUnitTestProject\Mimax.XUnitTestProject.fsproj", "{7CB68C27-9989-4A05-8B0D-5A49B652C9C2}"
EndProject
Project("{2150E333-8FDC-42A3-9474-1A3956D46DE8}") = "Functional", "Functional", "{FCB7233D-D481-4037-BC9E-28ADBC2D1C35}"
EndProject
Project("{9A19103F-16F7-4668-BE54-9A1E7A4F7556}") = "Mimax.Functional.Utils", "Mimax.Functional.Utils\Mimax.Functional.Utils.csproj", "{15B3E5B7-5E40-4A56-8DFB-4542E19D38A8}"
EndProject
Project("{2150E333-8FDC-42A3-9474-1A3956D46DE8}") = "Performance", "Performance", "{66A08E96-7353-481D-B4F1-00053C523AD3}"
EndProject
Project("{FAE04EC0-301F-11D3-BF4B-00C04F79EFBC}") = "Mimax.Performance.Counters", "Mimax.Performance.Counters\Mimax.Performance.Counters.csproj", "{196812E5-4EEC-404C-80E5-4BD38AE1B4C8}"
EndProject
Project("{FAE04EC0-301F-11D3-BF4B-00C04F79EFBC}") = "Mimax.Performance.Threading", "Mimax.Performance.Threading\Mimax.Performance.Threading.csproj", "{49CD4CED-BA64-4C21-985B-518F41F36DB1}"
EndProject
Project("{FAE04EC0-301F-11D3-BF4B-00C04F79EFBC}") = "Mimax.Performance.Interop", "Mimax.Performance.Interop\Mimax.Performance.Interop.csproj", "{C6B1239E-4BE2-4A2F-99F7-2D398FAD3D36}"
EndProject
Project("{2150E333-8FDC-42A3-9474-1A3956D46DE8}") = "Math", "Math", "{5D076550-420D-41E2-9986-854B2BA3D469}"
EndProject
Project("{FAE04EC0-301F-11D3-BF4B-00C04F79EFBC}") = "Mimax.Math", "Mimax.Math\Mimax.Math.csproj", "{16185325-100A-4830-A0CB-0302C003BF9E}"
EndProject
Project("{9A19103F-16F7-4668-BE54-9A1E7A4F7556}") = "Mimax.Math.Test", "Mimax.Math.Test\Mimax.Math.Test.csproj", "{E194B605-1174-4B38-89D5-ED44129EA043}"
EndProject
Project("{2150E333-8FDC-42A3-9474-1A3956D46DE8}") = "Blazor", "Blazor", "{1456CB50-7703-4CD2-9938-0D87304826AE}"
EndProject
Project("{9A19103F-16F7-4668-BE54-9A1E7A4F7556}") = "Mimax.Blazor.Web", "Mimax.Blazor.Web\Mimax.Blazor.Web.csproj", "{41419160-FF0B-4CE5-BF73-2D0FC4717509}"
EndProject
Project("{9A19103F-16F7-4668-BE54-9A1E7A4F7556}") = "DueDex", "DueDex\DueDex.csproj", "{B52A810B-D22F-4630-BF4B-CFBBB1C1EB78}"
EndProject
Project("{9A19103F-16F7-4668-BE54-9A1E7A4F7556}") = "Mimax.Susquehanna", "Mimax.Susquehanna\Mimax.Susquehanna.csproj", "{B8D9A46E-746F-49FE-9504-1EF67296871C}"
EndProject
Project("{2150E333-8FDC-42A3-9474-1A3956D46DE8}") = "Susquehanna", "Susquehanna", "{BA1827C9-0918-4581-B57C-84D42A281F90}"
EndProject
Project("{9A19103F-16F7-4668-BE54-9A1E7A4F7556}") = "Mimax.Susquehanna.Test", "Mimax.Susquehanna.Test\Mimax.Susquehanna.Test.csproj", "{36796717-A4A2-4C61-A126-681C0B6C2888}"
EndProject
Project("{2150E333-8FDC-42A3-9474-1A3956D46DE8}") = "React", "React", "{5BF5E753-8359-4A9B-8800-51DCC20FB9AE}"
EndProject
Project("{FAE04EC0-301F-11D3-BF4B-00C04F79EFBC}") = "Mimax.React", "Mimax.React\Mimax.React.csproj", "{3800CB5C-7D89-41DC-A4B4-EF165A5B3E0B}"
EndProject
Global
	GlobalSection(SolutionConfigurationPlatforms) = preSolution
		Debug|Any CPU = Debug|Any CPU
		Release|Any CPU = Release|Any CPU
	EndGlobalSection
	GlobalSection(ProjectConfigurationPlatforms) = postSolution
		{9325DB25-4066-4428-A72A-A6657383936D}.Debug|Any CPU.ActiveCfg = Debug|Any CPU
		{9325DB25-4066-4428-A72A-A6657383936D}.Debug|Any CPU.Build.0 = Debug|Any CPU
		{9325DB25-4066-4428-A72A-A6657383936D}.Release|Any CPU.ActiveCfg = Release|Any CPU
		{9325DB25-4066-4428-A72A-A6657383936D}.Release|Any CPU.Build.0 = Release|Any CPU
		{D0ED9159-E0BF-445D-9751-DAAFBFA7872B}.Debug|Any CPU.ActiveCfg = Debug|Any CPU
		{D0ED9159-E0BF-445D-9751-DAAFBFA7872B}.Debug|Any CPU.Build.0 = Debug|Any CPU
		{D0ED9159-E0BF-445D-9751-DAAFBFA7872B}.Release|Any CPU.ActiveCfg = Release|Any CPU
		{D0ED9159-E0BF-445D-9751-DAAFBFA7872B}.Release|Any CPU.Build.0 = Release|Any CPU
		{BE87E77B-E49B-4788-8A7C-9D61B00BE5F2}.Debug|Any CPU.ActiveCfg = Debug|Any CPU
		{BE87E77B-E49B-4788-8A7C-9D61B00BE5F2}.Debug|Any CPU.Build.0 = Debug|Any CPU
		{BE87E77B-E49B-4788-8A7C-9D61B00BE5F2}.Release|Any CPU.ActiveCfg = Release|Any CPU
		{BE87E77B-E49B-4788-8A7C-9D61B00BE5F2}.Release|Any CPU.Build.0 = Release|Any CPU
		{BBAD2F49-70E9-4FC3-B11F-16169B5BAB33}.Debug|Any CPU.ActiveCfg = Debug|Any CPU
		{BBAD2F49-70E9-4FC3-B11F-16169B5BAB33}.Debug|Any CPU.Build.0 = Debug|Any CPU
		{BBAD2F49-70E9-4FC3-B11F-16169B5BAB33}.Release|Any CPU.ActiveCfg = Release|Any CPU
		{BBAD2F49-70E9-4FC3-B11F-16169B5BAB33}.Release|Any CPU.Build.0 = Release|Any CPU
		{6C9D7575-7B76-4F4C-B76D-A036CFF36015}.Debug|Any CPU.ActiveCfg = Debug|Any CPU
		{6C9D7575-7B76-4F4C-B76D-A036CFF36015}.Debug|Any CPU.Build.0 = Debug|Any CPU
		{6C9D7575-7B76-4F4C-B76D-A036CFF36015}.Release|Any CPU.ActiveCfg = Release|Any CPU
		{6C9D7575-7B76-4F4C-B76D-A036CFF36015}.Release|Any CPU.Build.0 = Release|Any CPU
		{229383B9-3B55-4FD7-AAE8-982570330875}.Debug|Any CPU.ActiveCfg = Debug|Any CPU
		{229383B9-3B55-4FD7-AAE8-982570330875}.Debug|Any CPU.Build.0 = Debug|Any CPU
		{229383B9-3B55-4FD7-AAE8-982570330875}.Release|Any CPU.ActiveCfg = Release|Any CPU
		{229383B9-3B55-4FD7-AAE8-982570330875}.Release|Any CPU.Build.0 = Release|Any CPU
		{5F84B9E9-8230-4B04-9982-F2D04A9EC760}.Debug|Any CPU.ActiveCfg = Debug|Any CPU
		{5F84B9E9-8230-4B04-9982-F2D04A9EC760}.Debug|Any CPU.Build.0 = Debug|Any CPU
		{5F84B9E9-8230-4B04-9982-F2D04A9EC760}.Release|Any CPU.ActiveCfg = Release|Any CPU
		{5F84B9E9-8230-4B04-9982-F2D04A9EC760}.Release|Any CPU.Build.0 = Release|Any CPU
		{408881DE-388F-4400-8D34-3EA4C47599ED}.Debug|Any CPU.ActiveCfg = Debug|Any CPU
		{408881DE-388F-4400-8D34-3EA4C47599ED}.Debug|Any CPU.Build.0 = Debug|Any CPU
		{408881DE-388F-4400-8D34-3EA4C47599ED}.Release|Any CPU.ActiveCfg = Release|Any CPU
		{408881DE-388F-4400-8D34-3EA4C47599ED}.Release|Any CPU.Build.0 = Release|Any CPU
		{69051E28-5A17-4799-A184-6F06F075FD72}.Debug|Any CPU.ActiveCfg = Debug|Any CPU
		{69051E28-5A17-4799-A184-6F06F075FD72}.Debug|Any CPU.Build.0 = Debug|Any CPU
		{69051E28-5A17-4799-A184-6F06F075FD72}.Release|Any CPU.ActiveCfg = Release|Any CPU
		{69051E28-5A17-4799-A184-6F06F075FD72}.Release|Any CPU.Build.0 = Release|Any CPU
		{8C3CADAF-B7F5-4A37-93B8-E5FB5F70C7F3}.Debug|Any CPU.ActiveCfg = Debug|Any CPU
		{8C3CADAF-B7F5-4A37-93B8-E5FB5F70C7F3}.Debug|Any CPU.Build.0 = Debug|Any CPU
		{8C3CADAF-B7F5-4A37-93B8-E5FB5F70C7F3}.Release|Any CPU.ActiveCfg = Release|Any CPU
		{8C3CADAF-B7F5-4A37-93B8-E5FB5F70C7F3}.Release|Any CPU.Build.0 = Release|Any CPU
		{747469EC-DE7F-4C51-B7E6-260E5EC4A602}.Debug|Any CPU.ActiveCfg = Debug|Any CPU
		{747469EC-DE7F-4C51-B7E6-260E5EC4A602}.Debug|Any CPU.Build.0 = Debug|Any CPU
		{747469EC-DE7F-4C51-B7E6-260E5EC4A602}.Release|Any CPU.ActiveCfg = Release|Any CPU
		{747469EC-DE7F-4C51-B7E6-260E5EC4A602}.Release|Any CPU.Build.0 = Release|Any CPU
		{85DFFC41-C638-4671-A919-F0400E063D96}.Debug|Any CPU.ActiveCfg = Debug|Any CPU
		{85DFFC41-C638-4671-A919-F0400E063D96}.Debug|Any CPU.Build.0 = Debug|Any CPU
		{85DFFC41-C638-4671-A919-F0400E063D96}.Release|Any CPU.ActiveCfg = Release|Any CPU
		{85DFFC41-C638-4671-A919-F0400E063D96}.Release|Any CPU.Build.0 = Release|Any CPU
		{5194054C-0572-4E34-9D53-9748B6641595}.Debug|Any CPU.ActiveCfg = Debug|Any CPU
		{5194054C-0572-4E34-9D53-9748B6641595}.Debug|Any CPU.Build.0 = Debug|Any CPU
		{5194054C-0572-4E34-9D53-9748B6641595}.Release|Any CPU.ActiveCfg = Release|Any CPU
		{5194054C-0572-4E34-9D53-9748B6641595}.Release|Any CPU.Build.0 = Release|Any CPU
		{EC317F52-5A82-4D04-BE25-BB245C1BCEF5}.Debug|Any CPU.ActiveCfg = Debug|Any CPU
		{EC317F52-5A82-4D04-BE25-BB245C1BCEF5}.Debug|Any CPU.Build.0 = Debug|Any CPU
		{EC317F52-5A82-4D04-BE25-BB245C1BCEF5}.Release|Any CPU.ActiveCfg = Release|Any CPU
		{EC317F52-5A82-4D04-BE25-BB245C1BCEF5}.Release|Any CPU.Build.0 = Release|Any CPU
		{BCA488C6-5D6F-4CF2-A821-35B0AAB81E63}.Debug|Any CPU.ActiveCfg = Debug|Any CPU
		{BCA488C6-5D6F-4CF2-A821-35B0AAB81E63}.Debug|Any CPU.Build.0 = Debug|Any CPU
		{BCA488C6-5D6F-4CF2-A821-35B0AAB81E63}.Release|Any CPU.ActiveCfg = Release|Any CPU
		{BCA488C6-5D6F-4CF2-A821-35B0AAB81E63}.Release|Any CPU.Build.0 = Release|Any CPU
		{FCFC1441-B4E9-457D-B697-502122A19FCA}.Debug|Any CPU.ActiveCfg = Debug|Any CPU
		{FCFC1441-B4E9-457D-B697-502122A19FCA}.Debug|Any CPU.Build.0 = Debug|Any CPU
		{FCFC1441-B4E9-457D-B697-502122A19FCA}.Release|Any CPU.ActiveCfg = Release|Any CPU
		{FCFC1441-B4E9-457D-B697-502122A19FCA}.Release|Any CPU.Build.0 = Release|Any CPU
		{436C01B4-5FCE-42DF-835D-0264E35AC10C}.Debug|Any CPU.ActiveCfg = Debug|Any CPU
		{436C01B4-5FCE-42DF-835D-0264E35AC10C}.Debug|Any CPU.Build.0 = Debug|Any CPU
		{436C01B4-5FCE-42DF-835D-0264E35AC10C}.Release|Any CPU.ActiveCfg = Release|Any CPU
		{436C01B4-5FCE-42DF-835D-0264E35AC10C}.Release|Any CPU.Build.0 = Release|Any CPU
		{F469656E-6486-420E-9E5A-794956C37D18}.Debug|Any CPU.ActiveCfg = Debug|Any CPU
		{F469656E-6486-420E-9E5A-794956C37D18}.Debug|Any CPU.Build.0 = Debug|Any CPU
		{F469656E-6486-420E-9E5A-794956C37D18}.Release|Any CPU.ActiveCfg = Release|Any CPU
		{F469656E-6486-420E-9E5A-794956C37D18}.Release|Any CPU.Build.0 = Release|Any CPU
		{54D5A56E-78B4-4A92-9F75-7B2540886E14}.Debug|Any CPU.ActiveCfg = Debug|Any CPU
		{54D5A56E-78B4-4A92-9F75-7B2540886E14}.Debug|Any CPU.Build.0 = Debug|Any CPU
		{54D5A56E-78B4-4A92-9F75-7B2540886E14}.Debug|Any CPU.Deploy.0 = Debug|Any CPU
		{54D5A56E-78B4-4A92-9F75-7B2540886E14}.Release|Any CPU.ActiveCfg = Release|Any CPU
		{54D5A56E-78B4-4A92-9F75-7B2540886E14}.Release|Any CPU.Build.0 = Release|Any CPU
		{54D5A56E-78B4-4A92-9F75-7B2540886E14}.Release|Any CPU.Deploy.0 = Release|Any CPU
		{96A50AC3-3CE0-43BE-9AA5-8A5C6B3FD471}.Debug|Any CPU.ActiveCfg = Debug|Any CPU
		{96A50AC3-3CE0-43BE-9AA5-8A5C6B3FD471}.Debug|Any CPU.Build.0 = Debug|Any CPU
		{96A50AC3-3CE0-43BE-9AA5-8A5C6B3FD471}.Release|Any CPU.ActiveCfg = Release|Any CPU
		{96A50AC3-3CE0-43BE-9AA5-8A5C6B3FD471}.Release|Any CPU.Build.0 = Release|Any CPU
		{7D26DD67-D550-4904-BA10-43E82B907A05}.Debug|Any CPU.ActiveCfg = Debug|Any CPU
		{7D26DD67-D550-4904-BA10-43E82B907A05}.Debug|Any CPU.Build.0 = Debug|Any CPU
		{7D26DD67-D550-4904-BA10-43E82B907A05}.Release|Any CPU.ActiveCfg = Release|Any CPU
		{7D26DD67-D550-4904-BA10-43E82B907A05}.Release|Any CPU.Build.0 = Release|Any CPU
		{661378A4-EEC7-48D6-AA09-0DEF771CFCB8}.Debug|Any CPU.ActiveCfg = Debug|Any CPU
		{661378A4-EEC7-48D6-AA09-0DEF771CFCB8}.Debug|Any CPU.Build.0 = Debug|Any CPU
		{661378A4-EEC7-48D6-AA09-0DEF771CFCB8}.Release|Any CPU.ActiveCfg = Release|Any CPU
		{661378A4-EEC7-48D6-AA09-0DEF771CFCB8}.Release|Any CPU.Build.0 = Release|Any CPU
		{532FA516-CAD2-4D74-990F-1416EF75A72A}.Debug|Any CPU.ActiveCfg = Debug|Any CPU
		{532FA516-CAD2-4D74-990F-1416EF75A72A}.Debug|Any CPU.Build.0 = Debug|Any CPU
		{532FA516-CAD2-4D74-990F-1416EF75A72A}.Release|Any CPU.ActiveCfg = Release|Any CPU
		{532FA516-CAD2-4D74-990F-1416EF75A72A}.Release|Any CPU.Build.0 = Release|Any CPU
		{B5492758-CC2B-4EDF-B3A5-B1C07C949E18}.Debug|Any CPU.ActiveCfg = Debug|Any CPU
		{B5492758-CC2B-4EDF-B3A5-B1C07C949E18}.Debug|Any CPU.Build.0 = Debug|Any CPU
		{B5492758-CC2B-4EDF-B3A5-B1C07C949E18}.Release|Any CPU.ActiveCfg = Release|Any CPU
		{B5492758-CC2B-4EDF-B3A5-B1C07C949E18}.Release|Any CPU.Build.0 = Release|Any CPU
		{71484A06-CF31-4D03-BACD-3EA16310F996}.Debug|Any CPU.ActiveCfg = Debug|Any CPU
		{71484A06-CF31-4D03-BACD-3EA16310F996}.Debug|Any CPU.Build.0 = Debug|Any CPU
		{71484A06-CF31-4D03-BACD-3EA16310F996}.Release|Any CPU.ActiveCfg = Release|Any CPU
		{71484A06-CF31-4D03-BACD-3EA16310F996}.Release|Any CPU.Build.0 = Release|Any CPU
		{7CB68C27-9989-4A05-8B0D-5A49B652C9C2}.Debug|Any CPU.ActiveCfg = Debug|Any CPU
		{7CB68C27-9989-4A05-8B0D-5A49B652C9C2}.Debug|Any CPU.Build.0 = Debug|Any CPU
		{7CB68C27-9989-4A05-8B0D-5A49B652C9C2}.Release|Any CPU.ActiveCfg = Release|Any CPU
		{7CB68C27-9989-4A05-8B0D-5A49B652C9C2}.Release|Any CPU.Build.0 = Release|Any CPU
		{15B3E5B7-5E40-4A56-8DFB-4542E19D38A8}.Debug|Any CPU.ActiveCfg = Debug|Any CPU
		{15B3E5B7-5E40-4A56-8DFB-4542E19D38A8}.Debug|Any CPU.Build.0 = Debug|Any CPU
		{15B3E5B7-5E40-4A56-8DFB-4542E19D38A8}.Release|Any CPU.ActiveCfg = Release|Any CPU
		{15B3E5B7-5E40-4A56-8DFB-4542E19D38A8}.Release|Any CPU.Build.0 = Release|Any CPU
		{196812E5-4EEC-404C-80E5-4BD38AE1B4C8}.Debug|Any CPU.ActiveCfg = Debug|Any CPU
		{196812E5-4EEC-404C-80E5-4BD38AE1B4C8}.Debug|Any CPU.Build.0 = Debug|Any CPU
		{196812E5-4EEC-404C-80E5-4BD38AE1B4C8}.Release|Any CPU.ActiveCfg = Release|Any CPU
		{196812E5-4EEC-404C-80E5-4BD38AE1B4C8}.Release|Any CPU.Build.0 = Release|Any CPU
		{49CD4CED-BA64-4C21-985B-518F41F36DB1}.Debug|Any CPU.ActiveCfg = Debug|Any CPU
		{49CD4CED-BA64-4C21-985B-518F41F36DB1}.Debug|Any CPU.Build.0 = Debug|Any CPU
		{49CD4CED-BA64-4C21-985B-518F41F36DB1}.Release|Any CPU.ActiveCfg = Release|Any CPU
		{49CD4CED-BA64-4C21-985B-518F41F36DB1}.Release|Any CPU.Build.0 = Release|Any CPU
		{C6B1239E-4BE2-4A2F-99F7-2D398FAD3D36}.Debug|Any CPU.ActiveCfg = Debug|Any CPU
		{C6B1239E-4BE2-4A2F-99F7-2D398FAD3D36}.Debug|Any CPU.Build.0 = Debug|Any CPU
		{C6B1239E-4BE2-4A2F-99F7-2D398FAD3D36}.Release|Any CPU.ActiveCfg = Release|Any CPU
		{C6B1239E-4BE2-4A2F-99F7-2D398FAD3D36}.Release|Any CPU.Build.0 = Release|Any CPU
		{16185325-100A-4830-A0CB-0302C003BF9E}.Debug|Any CPU.ActiveCfg = Debug|Any CPU
		{16185325-100A-4830-A0CB-0302C003BF9E}.Debug|Any CPU.Build.0 = Debug|Any CPU
		{16185325-100A-4830-A0CB-0302C003BF9E}.Release|Any CPU.ActiveCfg = Release|Any CPU
		{16185325-100A-4830-A0CB-0302C003BF9E}.Release|Any CPU.Build.0 = Release|Any CPU
		{E194B605-1174-4B38-89D5-ED44129EA043}.Debug|Any CPU.ActiveCfg = Debug|Any CPU
		{E194B605-1174-4B38-89D5-ED44129EA043}.Debug|Any CPU.Build.0 = Debug|Any CPU
		{E194B605-1174-4B38-89D5-ED44129EA043}.Release|Any CPU.ActiveCfg = Release|Any CPU
		{E194B605-1174-4B38-89D5-ED44129EA043}.Release|Any CPU.Build.0 = Release|Any CPU
		{41419160-FF0B-4CE5-BF73-2D0FC4717509}.Debug|Any CPU.ActiveCfg = Debug|Any CPU
		{41419160-FF0B-4CE5-BF73-2D0FC4717509}.Debug|Any CPU.Build.0 = Debug|Any CPU
		{41419160-FF0B-4CE5-BF73-2D0FC4717509}.Release|Any CPU.ActiveCfg = Release|Any CPU
		{41419160-FF0B-4CE5-BF73-2D0FC4717509}.Release|Any CPU.Build.0 = Release|Any CPU
		{B52A810B-D22F-4630-BF4B-CFBBB1C1EB78}.Debug|Any CPU.ActiveCfg = Debug|Any CPU
		{B52A810B-D22F-4630-BF4B-CFBBB1C1EB78}.Debug|Any CPU.Build.0 = Debug|Any CPU
		{B52A810B-D22F-4630-BF4B-CFBBB1C1EB78}.Release|Any CPU.ActiveCfg = Release|Any CPU
		{B52A810B-D22F-4630-BF4B-CFBBB1C1EB78}.Release|Any CPU.Build.0 = Release|Any CPU
		{B8D9A46E-746F-49FE-9504-1EF67296871C}.Debug|Any CPU.ActiveCfg = Debug|Any CPU
		{B8D9A46E-746F-49FE-9504-1EF67296871C}.Debug|Any CPU.Build.0 = Debug|Any CPU
		{B8D9A46E-746F-49FE-9504-1EF67296871C}.Release|Any CPU.ActiveCfg = Release|Any CPU
		{B8D9A46E-746F-49FE-9504-1EF67296871C}.Release|Any CPU.Build.0 = Release|Any CPU
		{36796717-A4A2-4C61-A126-681C0B6C2888}.Debug|Any CPU.ActiveCfg = Debug|Any CPU
		{36796717-A4A2-4C61-A126-681C0B6C2888}.Debug|Any CPU.Build.0 = Debug|Any CPU
		{36796717-A4A2-4C61-A126-681C0B6C2888}.Release|Any CPU.ActiveCfg = Release|Any CPU
		{36796717-A4A2-4C61-A126-681C0B6C2888}.Release|Any CPU.Build.0 = Release|Any CPU
		{3800CB5C-7D89-41DC-A4B4-EF165A5B3E0B}.Debug|Any CPU.ActiveCfg = Debug|Any CPU
		{3800CB5C-7D89-41DC-A4B4-EF165A5B3E0B}.Debug|Any CPU.Build.0 = Debug|Any CPU
		{3800CB5C-7D89-41DC-A4B4-EF165A5B3E0B}.Release|Any CPU.ActiveCfg = Release|Any CPU
		{3800CB5C-7D89-41DC-A4B4-EF165A5B3E0B}.Release|Any CPU.Build.0 = Release|Any CPU
	EndGlobalSection
	GlobalSection(SolutionProperties) = preSolution
		HideSolutionNode = FALSE
	EndGlobalSection
	GlobalSection(NestedProjects) = preSolution
		{747469EC-DE7F-4C51-B7E6-260E5EC4A602} = {A81E4893-837E-4725-BDC8-55F68C722D85}
		{85DFFC41-C638-4671-A919-F0400E063D96} = {A81E4893-837E-4725-BDC8-55F68C722D85}
		{5194054C-0572-4E34-9D53-9748B6641595} = {A81E4893-837E-4725-BDC8-55F68C722D85}
		{DC6BA2CC-FE5F-475E-B830-4BFA27F38412} = {A81E4893-837E-4725-BDC8-55F68C722D85}
		{EC317F52-5A82-4D04-BE25-BB245C1BCEF5} = {DC6BA2CC-FE5F-475E-B830-4BFA27F38412}
		{BCA488C6-5D6F-4CF2-A821-35B0AAB81E63} = {DC6BA2CC-FE5F-475E-B830-4BFA27F38412}
		{5F366FE9-8E1E-40D7-971E-535EDA6EF011} = {A81E4893-837E-4725-BDC8-55F68C722D85}
		{FCFC1441-B4E9-457D-B697-502122A19FCA} = {5F366FE9-8E1E-40D7-971E-535EDA6EF011}
		{436C01B4-5FCE-42DF-835D-0264E35AC10C} = {5F366FE9-8E1E-40D7-971E-535EDA6EF011}
		{F469656E-6486-420E-9E5A-794956C37D18} = {A81E4893-837E-4725-BDC8-55F68C722D85}
		{FF47E4D3-DBF6-4328-B990-1228C53CEF59} = {A81E4893-837E-4725-BDC8-55F68C722D85}
		{54D5A56E-78B4-4A92-9F75-7B2540886E14} = {FF47E4D3-DBF6-4328-B990-1228C53CEF59}
		{96A50AC3-3CE0-43BE-9AA5-8A5C6B3FD471} = {FF47E4D3-DBF6-4328-B990-1228C53CEF59}
		{7D26DD67-D550-4904-BA10-43E82B907A05} = {FF47E4D3-DBF6-4328-B990-1228C53CEF59}
		{661378A4-EEC7-48D6-AA09-0DEF771CFCB8} = {A81E4893-837E-4725-BDC8-55F68C722D85}
		{532FA516-CAD2-4D74-990F-1416EF75A72A} = {3B7D9C77-C5E3-49B0-AAF2-B190712F47B9}
		{3B7D9C77-C5E3-49B0-AAF2-B190712F47B9} = {A81E4893-837E-4725-BDC8-55F68C722D85}
		{B5492758-CC2B-4EDF-B3A5-B1C07C949E18} = {3B7D9C77-C5E3-49B0-AAF2-B190712F47B9}
		{2F0DAEB0-6368-4B5C-A381-5F064584D438} = {A81E4893-837E-4725-BDC8-55F68C722D85}
		{71484A06-CF31-4D03-BACD-3EA16310F996} = {2F0DAEB0-6368-4B5C-A381-5F064584D438}
		{7CB68C27-9989-4A05-8B0D-5A49B652C9C2} = {2F0DAEB0-6368-4B5C-A381-5F064584D438}
		{15B3E5B7-5E40-4A56-8DFB-4542E19D38A8} = {FCB7233D-D481-4037-BC9E-28ADBC2D1C35}
		{196812E5-4EEC-404C-80E5-4BD38AE1B4C8} = {66A08E96-7353-481D-B4F1-00053C523AD3}
		{49CD4CED-BA64-4C21-985B-518F41F36DB1} = {66A08E96-7353-481D-B4F1-00053C523AD3}
		{C6B1239E-4BE2-4A2F-99F7-2D398FAD3D36} = {66A08E96-7353-481D-B4F1-00053C523AD3}
		{16185325-100A-4830-A0CB-0302C003BF9E} = {5D076550-420D-41E2-9986-854B2BA3D469}
		{E194B605-1174-4B38-89D5-ED44129EA043} = {5D076550-420D-41E2-9986-854B2BA3D469}
		{41419160-FF0B-4CE5-BF73-2D0FC4717509} = {1456CB50-7703-4CD2-9938-0D87304826AE}
		{B8D9A46E-746F-49FE-9504-1EF67296871C} = {BA1827C9-0918-4581-B57C-84D42A281F90}
		{36796717-A4A2-4C61-A126-681C0B6C2888} = {BA1827C9-0918-4581-B57C-84D42A281F90}
		{3800CB5C-7D89-41DC-A4B4-EF165A5B3E0B} = {5BF5E753-8359-4A9B-8800-51DCC20FB9AE}
	EndGlobalSection
	GlobalSection(ExtensibilityGlobals) = postSolution
		SolutionGuid = {F5C31B35-7124-4E3A-A9CF-12935697A743}
	EndGlobalSection
EndGlobal
